{
  "name": "chatbot-project",
  "version": "1.0.0",
  "lockfileVersion": 2,
  "dependencies": {
    "dotenv": {
      "version": "16.0.3",
      "resolved": "https://registry.npmjs.org/dotenv/-/dotenv-16.0.3.tgz",
      "integrity": "sha512-vGnY5Mj9szM+xyQUXK55RywcsfWppnvGLZ9VLoMlh8cJH4AxgXl9T+go+m+pREjx74aHTl+K4mYmPNT+LADZKw=="
    },
    "ejs": {
      "version": "3.1.8",
      "resolved": "https://registry.npmjs.org/ejs/-/ejs-3.1.8.tgz",
      "integrity": "sha512-bxAWhj+dWS5qOwpMlVYsO1Umjlct9f6t4VYSqSyZ1oF+7r2hB8AW2ukUJqvOBUEyKbs4+fNwHlJl1lVOyFCFNg=="
    },
    "express": {
      "version": "4.17.1",
      "resolved": "https://registry.npmjs.org/express/-/express-4.17.1.tgz",
      "integrity": "sha512-pPZo3pGl5q9PjbZ8vn/xIYcHsh0LChE6M3KMZlNl9JrGHeTr15pqaXKg+Rli8bU5EofqzsvHmiuwuQj00hWopw=="
    },
    "node-fetch": {
      "version": "2.6.7",
      "resolved": "https://registry.npmjs.org/node-fetch/-/node-fetch-2.6.7.tgz",
      "integrity": "sha512-QMTMe3p5W2+Fqk66lY8rLFXg/sq27H0OmuQqaI7deSTndt7ZNe5g23mHZQFxx3l7UgJlTeMFxKJHqrsSb0xFyg=="
    }
  }
}
